
Microsoft Visual Studio Solution File, Format Version 12.00
# Visual Studio 15
VisualStudioVersion = 15.0.27130.2036
MinimumVisualStudioVersion = 10.0.40219.1
Project("{FAE04EC0-301F-11D3-BF4B-00C04F79EFBC}") = "LogicAppGenerator", "LogicAppGenerator\LogicAppGenerator.csproj", "{7869C364-CF1F-44CC-AC44-AA9B8FD751AC}"
EndProject
Global
	GlobalSection(SolutionConfigurationPlatforms) = preSolution
		Debug|Any CPU = Debug|Any CPU
		Release|Any CPU = Release|Any CPU
	EndGlobalSection
	GlobalSection(ProjectConfigurationPlatforms) = postSolution
		{7869C364-CF1F-44CC-AC44-AA9B8FD751AC}.Debug|Any CPU.ActiveCfg = Debug|Any CPU
		{7869C364-CF1F-44CC-AC44-AA9B8FD751AC}.Debug|Any CPU.Build.0 = Debug|Any CPU
		{7869C364-CF1F-44CC-AC44-AA9B8FD751AC}.Release|Any CPU.ActiveCfg = Release|Any CPU
		{7869C364-CF1F-44CC-AC44-AA9B8FD751AC}.Release|Any CPU.Build.0 = Release|Any CPU
	EndGlobalSection
	GlobalSection(SolutionProperties) = preSolution
		HideSolutionNode = FALSE
	EndGlobalSection
	GlobalSection(ExtensibilityGlobals) = postSolution
		SolutionGuid = {394215DC-4B74-403C-8A35-105BC9F6AA74}
	EndGlobalSection
	GlobalSection(TeamFoundationVersionControl) = preSolution
		SccNumberOfProjects = 2
		SccEnterpriseProvider = {4CA58AB2-18FA-4F8D-95D4-32DDF27D184C}
		SccTeamFoundationServer = https://sabycreatedtfsagain.visualstudio.com/
		SccLocalPath0 = .
		SccProjectUniqueName1 = LogicAppGenerator\\LogicAppGenerator.csproj
		SccProjectName1 = LogicAppGenerator
		SccLocalPath1 = LogicAppGenerator
	EndGlobalSection
EndGlobal
